
Microsoft Visual Studio Solution File, Format Version 12.00
# Visual Studio 2015
Project("{FAE04EC0-301F-11D3-BF4B-00C04F79EFBC}") = "FlashXFLParser.CSharp", "FlashXFLParser.CSharp.csproj", "{5D2B24EF-3A98-8FC4-46FF-F03C006ADE37}"
EndProject
Project("{FAE04EC0-301F-11D3-BF4B-00C04F79EFBC}") = "FlashXFLParser.CSharp.Editor", "FlashXFLParser.CSharp.Editor.csproj", "{9C233701-7055-3BCC-2810-DC0B367C2950}"
EndProject
Global
	GlobalSection(SolutionConfigurationPlatforms) = preSolution
		Debug|Any CPU = Debug|Any CPU
		Release|Any CPU = Release|Any CPU
	EndGlobalSection
	GlobalSection(ProjectConfigurationPlatforms) = postSolution
		{5D2B24EF-3A98-8FC4-46FF-F03C006ADE37}.Debug|Any CPU.ActiveCfg = Debug|Any CPU
		{5D2B24EF-3A98-8FC4-46FF-F03C006ADE37}.Debug|Any CPU.Build.0 = Debug|Any CPU
		{5D2B24EF-3A98-8FC4-46FF-F03C006ADE37}.Release|Any CPU.ActiveCfg = Release|Any CPU
		{5D2B24EF-3A98-8FC4-46FF-F03C006ADE37}.Release|Any CPU.Build.0 = Release|Any CPU
		{9C233701-7055-3BCC-2810-DC0B367C2950}.Debug|Any CPU.ActiveCfg = Debug|Any CPU
		{9C233701-7055-3BCC-2810-DC0B367C2950}.Debug|Any CPU.Build.0 = Debug|Any CPU
		{9C233701-7055-3BCC-2810-DC0B367C2950}.Release|Any CPU.ActiveCfg = Release|Any CPU
		{9C233701-7055-3BCC-2810-DC0B367C2950}.Release|Any CPU.Build.0 = Release|Any CPU
	EndGlobalSection
	GlobalSection(SolutionProperties) = preSolution
		HideSolutionNode = FALSE
	EndGlobalSection
EndGlobal
